
Microsoft Visual Studio Solution File, Format Version 12.00
# Visual Studio Version 17
VisualStudioVersion = 17.8.34316.72
MinimumVisualStudioVersion = 10.0.40219.1
Project("{FAE04EC0-301F-11D3-BF4B-00C04F79EFBC}") = "Book-Rental-MVC", "Book-Rental-MVC\Book-Rental-MVC.csproj", "{6195CD9A-70B5-4639-AE73-8035D42B7A21}"
EndProject
Global
	GlobalSection(SolutionConfigurationPlatforms) = preSolution
		Debug|Any CPU = Debug|Any CPU
		Release|Any CPU = Release|Any CPU
	EndGlobalSection
	GlobalSection(ProjectConfigurationPlatforms) = postSolution
		{6195CD9A-70B5-4639-AE73-8035D42B7A21}.Debug|Any CPU.ActiveCfg = Debug|Any CPU
		{6195CD9A-70B5-4639-AE73-8035D42B7A21}.Debug|Any CPU.Build.0 = Debug|Any CPU
		{6195CD9A-70B5-4639-AE73-8035D42B7A21}.Release|Any CPU.ActiveCfg = Release|Any CPU
		{6195CD9A-70B5-4639-AE73-8035D42B7A21}.Release|Any CPU.Build.0 = Release|Any CPU
	EndGlobalSection
	GlobalSection(SolutionProperties) = preSolution
		HideSolutionNode = FALSE
	EndGlobalSection
	GlobalSection(ExtensibilityGlobals) = postSolution
		SolutionGuid = {09D23921-7F39-47EB-BB4C-D508A18146AA}
	EndGlobalSection
EndGlobal
